// !$*UTF8*$!
{
    archiveVersion = 1;
    classes = {};
    objectVersion = 56;
    objects = {
        A00000000000000000000001 = { isa = PBXBuildFile; fileRef = A00000000000000000000002; };
        A00000000000000000000002 = { isa = PBXFileReference; lastKnownFileType = sourcecode.swift; path = HelloShipiOSApp.swift; sourceTree = "<group>"; };
        A00000000000000000000003 = { isa = PBXFileReference; explicitFileType = wrapper.application; includeInIndex = 0; path = HelloShipiOS.app; sourceTree = BUILT_PRODUCTS_DIR; };
        A00000000000000000000004 = { isa = PBXGroup; children = (A00000000000000000000002, A00000000000000000000005); sourceTree = "<group>"; };
        A00000000000000000000005 = { isa = PBXGroup; children = (A00000000000000000000003); name = Products; sourceTree = "<group>"; };
        A00000000000000000000006 = { isa = PBXSourcesBuildPhase; buildActionMask = 2147483647; files = (A00000000000000000000001); runOnlyForDeploymentPostprocessing = 0; };
        A00000000000000000000007 = { isa = PBXFrameworksBuildPhase; buildActionMask = 2147483647; files = (); runOnlyForDeploymentPostprocessing = 0; };
        A00000000000000000000008 = { isa = PBXResourcesBuildPhase; buildActionMask = 2147483647; files = (); runOnlyForDeploymentPostprocessing = 0; };
        A00000000000000000000009 = {
            isa = PBXNativeTarget;
            buildConfigurationList = A0000000000000000000000B;
            buildPhases = (A00000000000000000000006, A00000000000000000000007, A00000000000000000000008);
            buildRules = (); dependencies = (); name = HelloShipiOS; productName = HelloShipiOS;
            productReference = A00000000000000000000003;
            productType = "com.apple.product-type.application";
        };
        A0000000000000000000000A = {
            isa = PBXProject;
            attributes = { LastUpgradeCheck = 2630; };
            buildConfigurationList = A0000000000000000000000C;
            compatibilityVersion = "Xcode 14.0";
            developmentRegion = en; hasScannedForEncodings = 0; knownRegions = (en, Base);
            mainGroup = A00000000000000000000004; productRefGroup = A00000000000000000000005;
            projectDirPath = ""; projectRoot = ""; targets = (A00000000000000000000009);
        };
        A0000000000000000000000B = { isa = XCConfigurationList; buildConfigurations = (A0000000000000000000000D, A0000000000000000000000E); defaultConfigurationIsVisible = 0; defaultConfigurationName = Release; };
        A0000000000000000000000C = { isa = XCConfigurationList; buildConfigurations = (A0000000000000000000000F, A00000000000000000000010); defaultConfigurationIsVisible = 0; defaultConfigurationName = Release; };
        A0000000000000000000000D = { isa = XCBuildConfiguration; name = Debug; buildSettings = {
            GENERATE_INFOPLIST_FILE = YES; INFOPLIST_KEY_UILaunchScreen_Generation = YES;
            INFOPLIST_KEY_UIApplicationSceneManifest_Generation = YES;
            PRODUCT_BUNDLE_IDENTIFIER = com.shipios.fixture; PRODUCT_NAME = "$(TARGET_NAME)";
            SWIFT_VERSION = 5.0; TARGETED_DEVICE_FAMILY = "1,2"; SWIFT_OPTIMIZATION_LEVEL = "-Onone";
        }; };
        A0000000000000000000000E = { isa = XCBuildConfiguration; name = Release; buildSettings = {
            GENERATE_INFOPLIST_FILE = YES; INFOPLIST_KEY_UILaunchScreen_Generation = YES;
            INFOPLIST_KEY_UIApplicationSceneManifest_Generation = YES;
            PRODUCT_BUNDLE_IDENTIFIER = com.shipios.fixture; PRODUCT_NAME = "$(TARGET_NAME)";
            SWIFT_VERSION = 5.0; TARGETED_DEVICE_FAMILY = "1,2";
        }; };
        A0000000000000000000000F = { isa = XCBuildConfiguration; name = Debug; buildSettings = {
            SDKROOT = iphoneos; IPHONEOS_DEPLOYMENT_TARGET = 17.0; CLANG_ENABLE_MODULES = YES;
            SUPPORTED_PLATFORMS = "iphoneos iphonesimulator"; ENABLE_USER_SCRIPT_SANDBOXING = YES;
        }; };
        A00000000000000000000010 = { isa = XCBuildConfiguration; name = Release; buildSettings = {
            SDKROOT = iphoneos; IPHONEOS_DEPLOYMENT_TARGET = 17.0; CLANG_ENABLE_MODULES = YES;
            SUPPORTED_PLATFORMS = "iphoneos iphonesimulator"; ENABLE_USER_SCRIPT_SANDBOXING = YES;
        }; };
    };
    rootObject = A0000000000000000000000A;
}
